
Microsoft Visual Studio Solution File, Format Version 12.00
# Visual Studio Version 17
VisualStudioVersion = 17.11.35303.130
MinimumVisualStudioVersion = 10.0.40219.1
Project("{888888A0-9F3D-457C-B088-3A5042F75D52}") = "Flussdiagramm", "Flussdiagramm\Flussdiagramm.pyproj", "{32675866-EA9B-4D7D-BC43-CDE8E86C9F91}"
EndProject
Global
	GlobalSection(SolutionConfigurationPlatforms) = preSolution
		Debug|Any CPU = Debug|Any CPU
		Release|Any CPU = Release|Any CPU
	EndGlobalSection
	GlobalSection(ProjectConfigurationPlatforms) = postSolution
		{32675866-EA9B-4D7D-BC43-CDE8E86C9F91}.Debug|Any CPU.ActiveCfg = Debug|Any CPU
		{32675866-EA9B-4D7D-BC43-CDE8E86C9F91}.Release|Any CPU.ActiveCfg = Release|Any CPU
	EndGlobalSection
	GlobalSection(SolutionProperties) = preSolution
		HideSolutionNode = FALSE
	EndGlobalSection
	GlobalSection(ExtensibilityGlobals) = postSolution
		SolutionGuid = {F8A02E16-5DFD-4758-A5E3-22AB990E92B1}
	EndGlobalSection
EndGlobal
